
Microsoft Visual Studio Solution File, Format Version 12.00
# Visual Studio 2012
Project("{FAE04EC0-301F-11D3-BF4B-00C04F79EFBC}") = "LiquidarAgua", "LiquidarAgua\LiquidarAgua.csproj", "{BE749683-FDE0-40CE-B970-0A995C0E2A77}"
EndProject
Global
	GlobalSection(SolutionConfigurationPlatforms) = preSolution
		Debug|Any CPU = Debug|Any CPU
		Release|Any CPU = Release|Any CPU
	EndGlobalSection
	GlobalSection(ProjectConfigurationPlatforms) = postSolution
		{BE749683-FDE0-40CE-B970-0A995C0E2A77}.Debug|Any CPU.ActiveCfg = Debug|Any CPU
		{BE749683-FDE0-40CE-B970-0A995C0E2A77}.Debug|Any CPU.Build.0 = Debug|Any CPU
		{BE749683-FDE0-40CE-B970-0A995C0E2A77}.Release|Any CPU.ActiveCfg = Release|Any CPU
		{BE749683-FDE0-40CE-B970-0A995C0E2A77}.Release|Any CPU.Build.0 = Release|Any CPU
	EndGlobalSection
	GlobalSection(SolutionProperties) = preSolution
		HideSolutionNode = FALSE
	EndGlobalSection
EndGlobal
